
Microsoft Visual Studio Solution File, Format Version 12.00
# Visual Studio 15
Project("{FAE04EC0-301F-11D3-BF4B-00C04F79EFBC}") = "Server", "mezh\Server.csproj", "{37B748F7-E59A-46D6-90B6-7964B4E8FA2C}"
EndProject
Project("{FAE04EC0-301F-11D3-BF4B-00C04F79EFBC}") = "Client", "Client\Client.csproj", "{1CB82ED6-D684-4AB7-9FA2-77DBAB263FD7}"
EndProject
Global
	GlobalSection(SolutionConfigurationPlatforms) = preSolution
		Debug|Any CPU = Debug|Any CPU
		Release|Any CPU = Release|Any CPU
	EndGlobalSection
	GlobalSection(ProjectConfigurationPlatforms) = postSolution
		{37B748F7-E59A-46D6-90B6-7964B4E8FA2C}.Debug|Any CPU.ActiveCfg = Debug|Any CPU
		{37B748F7-E59A-46D6-90B6-7964B4E8FA2C}.Debug|Any CPU.Build.0 = Debug|Any CPU
		{37B748F7-E59A-46D6-90B6-7964B4E8FA2C}.Release|Any CPU.ActiveCfg = Release|Any CPU
		{37B748F7-E59A-46D6-90B6-7964B4E8FA2C}.Release|Any CPU.Build.0 = Release|Any CPU
		{1CB82ED6-D684-4AB7-9FA2-77DBAB263FD7}.Debug|Any CPU.ActiveCfg = Debug|Any CPU
		{1CB82ED6-D684-4AB7-9FA2-77DBAB263FD7}.Debug|Any CPU.Build.0 = Debug|Any CPU
		{1CB82ED6-D684-4AB7-9FA2-77DBAB263FD7}.Release|Any CPU.ActiveCfg = Release|Any CPU
		{1CB82ED6-D684-4AB7-9FA2-77DBAB263FD7}.Release|Any CPU.Build.0 = Release|Any CPU
	EndGlobalSection
	GlobalSection(MonoDevelopProperties) = preSolution
		Policies = $0
		$0.DotNetNamingPolicy = $1
		$1.DirectoryNamespaceAssociation = PrefixedHierarchical
		$0.TextStylePolicy = $2
		$2.inheritsSet = null
		$2.scope = text/x-csharp
		$0.CSharpFormattingPolicy = $3
		$3.scope = text/x-csharp
		$0.TextStylePolicy = $4
		$4.FileWidth = 80
		$4.TabsToSpaces = True
		$4.scope = text/plain
		$0.VersionControlPolicy = $5
	EndGlobalSection
EndGlobal
